# This file is automatically @generated by Poetry 1.5.1 and should not be changed by hand.

[[package]]
name = "bdd"
version = "0.2"
description = "UNKNOWN"
optional = false
python-versions = "*"
files = [
    {file = "bdd-0.2-py3-none-any.whl", hash = "sha256:f4ddac067e4632ce9e95b53ea7cfcff627194b536c61e91b1b5c9c7e0e81e3a0"},
    {file = "bdd-0.2.zip", hash = "sha256:3e038357e9046a67b65fc47bf9b94ca02f57a74e2d03429d31da0c77495b4a66"},
]

[metadata]
lock-version = "2.0"
python-versions = ">=3.10.0,<3.11"
content-hash = "10dafe10f5bc7af1106153df5596ec2ef7ba7aa5b903abc2c0e7ca9ca4f019aa"
